
Microsoft Visual Studio Solution File, Format Version 12.00
# Visual Studio Version 16
VisualStudioVersion = 16.0.31019.35
MinimumVisualStudioVersion = 10.0.40219.1
Project("{F184B08F-C81C-45F6-A57F-5ABD9991F28F}") = "WinFormsApp12", "WinFormsApp12\WinFormsApp12.vbproj", "{D9448C4B-2F7A-489D-9DAB-2E100E2134DF}"
EndProject
Global
	GlobalSection(SolutionConfigurationPlatforms) = preSolution
		Debug|Any CPU = Debug|Any CPU
		Release|Any CPU = Release|Any CPU
	EndGlobalSection
	GlobalSection(ProjectConfigurationPlatforms) = postSolution
		{D9448C4B-2F7A-489D-9DAB-2E100E2134DF}.Debug|Any CPU.ActiveCfg = Debug|Any CPU
		{D9448C4B-2F7A-489D-9DAB-2E100E2134DF}.Debug|Any CPU.Build.0 = Debug|Any CPU
		{D9448C4B-2F7A-489D-9DAB-2E100E2134DF}.Release|Any CPU.ActiveCfg = Release|Any CPU
		{D9448C4B-2F7A-489D-9DAB-2E100E2134DF}.Release|Any CPU.Build.0 = Release|Any CPU
	EndGlobalSection
	GlobalSection(SolutionProperties) = preSolution
		HideSolutionNode = FALSE
	EndGlobalSection
	GlobalSection(ExtensibilityGlobals) = postSolution
		SolutionGuid = {672C0E8A-4256-4EF1-A1A0-6AD4E2D7D868}
	EndGlobalSection
EndGlobal
